
Microsoft Visual Studio Solution File, Format Version 12.00
# Visual Studio Version 17
VisualStudioVersion = 17.3.32901.215
MinimumVisualStudioVersion = 10.0.40219.1
Project("{FAE04EC0-301F-11D3-BF4B-00C04F79EFBC}") = "if yapısı", "if yapısı\if yapısı.csproj", "{81F083D5-6961-40BE-BE00-45B4D96D363D}"
EndProject
Global
	GlobalSection(SolutionConfigurationPlatforms) = preSolution
		Debug|Any CPU = Debug|Any CPU
		Release|Any CPU = Release|Any CPU
	EndGlobalSection
	GlobalSection(ProjectConfigurationPlatforms) = postSolution
		{81F083D5-6961-40BE-BE00-45B4D96D363D}.Debug|Any CPU.ActiveCfg = Debug|Any CPU
		{81F083D5-6961-40BE-BE00-45B4D96D363D}.Debug|Any CPU.Build.0 = Debug|Any CPU
		{81F083D5-6961-40BE-BE00-45B4D96D363D}.Release|Any CPU.ActiveCfg = Release|Any CPU
		{81F083D5-6961-40BE-BE00-45B4D96D363D}.Release|Any CPU.Build.0 = Release|Any CPU
	EndGlobalSection
	GlobalSection(SolutionProperties) = preSolution
		HideSolutionNode = FALSE
	EndGlobalSection
	GlobalSection(ExtensibilityGlobals) = postSolution
		SolutionGuid = {6D28B881-15CE-4776-B941-33CF4C8CB1E7}
	EndGlobalSection
EndGlobal
